
Microsoft Visual Studio Solution File, Format Version 12.00
# Visual Studio Version 17
VisualStudioVersion = 17.10.35013.160
MinimumVisualStudioVersion = 10.0.40219.1
Project("{2150E333-8FDC-42A3-9474-1A3956D46DE8}") = "resources", "resources", "{D44F7CBF-2841-4D13-AFB1-01A8B6EEAAE0}"
	ProjectSection(SolutionItems) = preProject
		.gitignore = .gitignore
		README.md = README.md
	EndProjectSection
EndProject
Project("{2150E333-8FDC-42A3-9474-1A3956D46DE8}") = "src", "src", "{A25D8C5D-DB8B-4E36-9A17-0A2186A459BE}"
EndProject
Project("{2150E333-8FDC-42A3-9474-1A3956D46DE8}") = "tests", "tests", "{6EFC4292-03C8-4249-9979-8F7CC9546E0C}"
EndProject
Project("{2150E333-8FDC-42A3-9474-1A3956D46DE8}") = "ApiGateways", "ApiGateways", "{AD7A278E-15C5-4D3D-BF91-7514FE76265F}"
EndProject
Project("{2150E333-8FDC-42A3-9474-1A3956D46DE8}") = "BuildingBlocks", "BuildingBlocks", "{0D47A437-AC0C-432E-829A-0DBF5A3495CE}"
EndProject
Project("{2150E333-8FDC-42A3-9474-1A3956D46DE8}") = "Services", "Services", "{3D37384F-989F-4A9F-855A-9F7FCA3E1E94}"
EndProject
Project("{2150E333-8FDC-42A3-9474-1A3956D46DE8}") = "WebApps", "WebApps", "{367EC3D4-4093-437B-952C-9F43DF3B8035}"
EndProject
Project("{FAE04EC0-301F-11D3-BF4B-00C04F79EFBC}") = "YarpApiGw", "src\ApiGateways\YarpApiGw\YarpApiGw.csproj", "{028A14A0-61F6-44E5-95BA-E4E36969A258}"
EndProject
Project("{FAE04EC0-301F-11D3-BF4B-00C04F79EFBC}") = "BuildingBlocks.Logging", "src\BuildingBlocks\Common.Logging\BuildingBlocks.Logging.csproj", "{D407EE3E-D151-4D86-B2D9-DEEEFA705280}"
EndProject
Project("{FAE04EC0-301F-11D3-BF4B-00C04F79EFBC}") = "BuildingBlocks.Contracts", "src\BuildingBlocks\Contracts\BuildingBlocks.Contracts.csproj", "{69D2CE0A-1EF1-4511-BBE4-02E94590249A}"
EndProject
Project("{FAE04EC0-301F-11D3-BF4B-00C04F79EFBC}") = "BuildingBlocks.Infrastructure", "src\BuildingBlocks\Infrastructure\BuildingBlocks.Infrastructure.csproj", "{2B448545-528B-4614-BBD2-5FC531FE7E73}"
EndProject
Project("{FAE04EC0-301F-11D3-BF4B-00C04F79EFBC}") = "BuildingBlocks.Shared", "src\BuildingBlocks\Shared\BuildingBlocks.Shared.csproj", "{7CA9BC78-1621-47D8-BBA6-5A09DD7629CD}"
EndProject
Project("{FAE04EC0-301F-11D3-BF4B-00C04F79EFBC}") = "BuildingBlocks.Messaging", "src\BuildingBlocks\BuildingBlocks.Messaging\BuildingBlocks.Messaging.csproj", "{8C199D7D-AD90-4008-A1BB-AED2E2810967}"
EndProject
Project("{2150E333-8FDC-42A3-9474-1A3956D46DE8}") = "Tour", "Tour", "{9F4C157F-A82A-4568-A8BD-75FDBB5B8D24}"
EndProject
Project("{2150E333-8FDC-42A3-9474-1A3956D46DE8}") = "TourSearch", "TourSearch", "{F365B084-7B07-4E2C-8B69-5D541E48107B}"
EndProject
Project("{2150E333-8FDC-42A3-9474-1A3956D46DE8}") = "Identity", "Identity", "{6E382122-9E9B-4808-8F50-860CB3295B72}"
EndProject
Project("{2150E333-8FDC-42A3-9474-1A3956D46DE8}") = "Notification", "Notification", "{A435498B-F63F-4676-8BE4-F92DDE88446E}"
EndProject
Project("{2150E333-8FDC-42A3-9474-1A3956D46DE8}") = "TourBid", "TourBid", "{9B049D39-1FDE-4523-9406-701D7DD9C723}"
EndProject
Project("{9A19103F-16F7-4668-BE54-9A1E7A4F7556}") = "WebHealthStatus", "src\WebApps\WebHealthStatus\WebHealthStatus.csproj", "{4E0E5664-2754-4C54-9EF5-D7A10DCF37AB}"
EndProject
Project("{FAE04EC0-301F-11D3-BF4B-00C04F79EFBC}") = "IdentityServer", "src\Services\Identity\IdentityServer\IdentityServer.csproj", "{B0643E3D-35B3-4E85-A3E2-7DEE92B7BCFD}"
EndProject
Project("{FAE04EC0-301F-11D3-BF4B-00C04F79EFBC}") = "SignalR", "src\Services\Notification\SignalR\SignalR.csproj", "{DC5F8D1A-F5F8-4B87-9437-EA3941A222F3}"
EndProject
Project("{FAE04EC0-301F-11D3-BF4B-00C04F79EFBC}") = "Tour.API", "src\Services\Tour\Tour.API\Tour.API.csproj", "{CDFA3465-5179-48C0-B351-F775D28EB20E}"
EndProject
Project("{FAE04EC0-301F-11D3-BF4B-00C04F79EFBC}") = "Tour.Application", "src\Services\Tour\Tour.Application\Tour.Application.csproj", "{A9875C5A-8403-4D5D-AE46-3AFB615FE9F5}"
EndProject
Project("{FAE04EC0-301F-11D3-BF4B-00C04F79EFBC}") = "Tour.Domain", "src\Services\Tour\Tour.Domain\Tour.Domain.csproj", "{B7CC0DCA-36F7-4BFF-9DAC-AE91F63A6EAC}"
EndProject
Project("{FAE04EC0-301F-11D3-BF4B-00C04F79EFBC}") = "Tour.Infrastructure", "src\Services\Tour\Tour.Infrastructure\Tour.Infrastructure.csproj", "{18E8CCD2-FB38-4496-BE37-F4B7C8DB7BBC}"
EndProject
Project("{FAE04EC0-301F-11D3-BF4B-00C04F79EFBC}") = "TourBid.API", "src\Services\TourBid\TourBid.API\TourBid.API.csproj", "{EAB0FBE7-5645-4FE0-9B6F-E0D957EF316D}"
EndProject
Project("{FAE04EC0-301F-11D3-BF4B-00C04F79EFBC}") = "TourSearch.API", "src\Services\TourSearch\TourSearch.API\TourSearch.API.csproj", "{D7F19AA3-323B-4FE2-9AD0-D0A5E5CC073A}"
EndProject
Global
	GlobalSection(SolutionConfigurationPlatforms) = preSolution
		Debug|Any CPU = Debug|Any CPU
		Release|Any CPU = Release|Any CPU
	EndGlobalSection
	GlobalSection(ProjectConfigurationPlatforms) = postSolution
		{028A14A0-61F6-44E5-95BA-E4E36969A258}.Debug|Any CPU.ActiveCfg = Debug|Any CPU
		{028A14A0-61F6-44E5-95BA-E4E36969A258}.Debug|Any CPU.Build.0 = Debug|Any CPU
		{028A14A0-61F6-44E5-95BA-E4E36969A258}.Release|Any CPU.ActiveCfg = Release|Any CPU
		{028A14A0-61F6-44E5-95BA-E4E36969A258}.Release|Any CPU.Build.0 = Release|Any CPU
		{D407EE3E-D151-4D86-B2D9-DEEEFA705280}.Debug|Any CPU.ActiveCfg = Debug|Any CPU
		{D407EE3E-D151-4D86-B2D9-DEEEFA705280}.Debug|Any CPU.Build.0 = Debug|Any CPU
		{D407EE3E-D151-4D86-B2D9-DEEEFA705280}.Release|Any CPU.ActiveCfg = Release|Any CPU
		{D407EE3E-D151-4D86-B2D9-DEEEFA705280}.Release|Any CPU.Build.0 = Release|Any CPU
		{69D2CE0A-1EF1-4511-BBE4-02E94590249A}.Debug|Any CPU.ActiveCfg = Debug|Any CPU
		{69D2CE0A-1EF1-4511-BBE4-02E94590249A}.Debug|Any CPU.Build.0 = Debug|Any CPU
		{69D2CE0A-1EF1-4511-BBE4-02E94590249A}.Release|Any CPU.ActiveCfg = Release|Any CPU
		{69D2CE0A-1EF1-4511-BBE4-02E94590249A}.Release|Any CPU.Build.0 = Release|Any CPU
		{2B448545-528B-4614-BBD2-5FC531FE7E73}.Debug|Any CPU.ActiveCfg = Debug|Any CPU
		{2B448545-528B-4614-BBD2-5FC531FE7E73}.Debug|Any CPU.Build.0 = Debug|Any CPU
		{2B448545-528B-4614-BBD2-5FC531FE7E73}.Release|Any CPU.ActiveCfg = Release|Any CPU
		{2B448545-528B-4614-BBD2-5FC531FE7E73}.Release|Any CPU.Build.0 = Release|Any CPU
		{7CA9BC78-1621-47D8-BBA6-5A09DD7629CD}.Debug|Any CPU.ActiveCfg = Debug|Any CPU
		{7CA9BC78-1621-47D8-BBA6-5A09DD7629CD}.Debug|Any CPU.Build.0 = Debug|Any CPU
		{7CA9BC78-1621-47D8-BBA6-5A09DD7629CD}.Release|Any CPU.ActiveCfg = Release|Any CPU
		{7CA9BC78-1621-47D8-BBA6-5A09DD7629CD}.Release|Any CPU.Build.0 = Release|Any CPU
		{8C199D7D-AD90-4008-A1BB-AED2E2810967}.Debug|Any CPU.ActiveCfg = Debug|Any CPU
		{8C199D7D-AD90-4008-A1BB-AED2E2810967}.Debug|Any CPU.Build.0 = Debug|Any CPU
		{8C199D7D-AD90-4008-A1BB-AED2E2810967}.Release|Any CPU.ActiveCfg = Release|Any CPU
		{8C199D7D-AD90-4008-A1BB-AED2E2810967}.Release|Any CPU.Build.0 = Release|Any CPU
		{4E0E5664-2754-4C54-9EF5-D7A10DCF37AB}.Debug|Any CPU.ActiveCfg = Debug|Any CPU
		{4E0E5664-2754-4C54-9EF5-D7A10DCF37AB}.Debug|Any CPU.Build.0 = Debug|Any CPU
		{4E0E5664-2754-4C54-9EF5-D7A10DCF37AB}.Release|Any CPU.ActiveCfg = Release|Any CPU
		{4E0E5664-2754-4C54-9EF5-D7A10DCF37AB}.Release|Any CPU.Build.0 = Release|Any CPU
		{B0643E3D-35B3-4E85-A3E2-7DEE92B7BCFD}.Debug|Any CPU.ActiveCfg = Debug|Any CPU
		{B0643E3D-35B3-4E85-A3E2-7DEE92B7BCFD}.Debug|Any CPU.Build.0 = Debug|Any CPU
		{B0643E3D-35B3-4E85-A3E2-7DEE92B7BCFD}.Release|Any CPU.ActiveCfg = Release|Any CPU
		{B0643E3D-35B3-4E85-A3E2-7DEE92B7BCFD}.Release|Any CPU.Build.0 = Release|Any CPU
		{DC5F8D1A-F5F8-4B87-9437-EA3941A222F3}.Debug|Any CPU.ActiveCfg = Debug|Any CPU
		{DC5F8D1A-F5F8-4B87-9437-EA3941A222F3}.Debug|Any CPU.Build.0 = Debug|Any CPU
		{DC5F8D1A-F5F8-4B87-9437-EA3941A222F3}.Release|Any CPU.ActiveCfg = Release|Any CPU
		{DC5F8D1A-F5F8-4B87-9437-EA3941A222F3}.Release|Any CPU.Build.0 = Release|Any CPU
		{CDFA3465-5179-48C0-B351-F775D28EB20E}.Debug|Any CPU.ActiveCfg = Debug|Any CPU
		{CDFA3465-5179-48C0-B351-F775D28EB20E}.Debug|Any CPU.Build.0 = Debug|Any CPU
		{CDFA3465-5179-48C0-B351-F775D28EB20E}.Release|Any CPU.ActiveCfg = Release|Any CPU
		{CDFA3465-5179-48C0-B351-F775D28EB20E}.Release|Any CPU.Build.0 = Release|Any CPU
		{A9875C5A-8403-4D5D-AE46-3AFB615FE9F5}.Debug|Any CPU.ActiveCfg = Debug|Any CPU
		{A9875C5A-8403-4D5D-AE46-3AFB615FE9F5}.Debug|Any CPU.Build.0 = Debug|Any CPU
		{A9875C5A-8403-4D5D-AE46-3AFB615FE9F5}.Release|Any CPU.ActiveCfg = Release|Any CPU
		{A9875C5A-8403-4D5D-AE46-3AFB615FE9F5}.Release|Any CPU.Build.0 = Release|Any CPU
		{B7CC0DCA-36F7-4BFF-9DAC-AE91F63A6EAC}.Debug|Any CPU.ActiveCfg = Debug|Any CPU
		{B7CC0DCA-36F7-4BFF-9DAC-AE91F63A6EAC}.Debug|Any CPU.Build.0 = Debug|Any CPU
		{B7CC0DCA-36F7-4BFF-9DAC-AE91F63A6EAC}.Release|Any CPU.ActiveCfg = Release|Any CPU
		{B7CC0DCA-36F7-4BFF-9DAC-AE91F63A6EAC}.Release|Any CPU.Build.0 = Release|Any CPU
		{18E8CCD2-FB38-4496-BE37-F4B7C8DB7BBC}.Debug|Any CPU.ActiveCfg = Debug|Any CPU
		{18E8CCD2-FB38-4496-BE37-F4B7C8DB7BBC}.Debug|Any CPU.Build.0 = Debug|Any CPU
		{18E8CCD2-FB38-4496-BE37-F4B7C8DB7BBC}.Release|Any CPU.ActiveCfg = Release|Any CPU
		{18E8CCD2-FB38-4496-BE37-F4B7C8DB7BBC}.Release|Any CPU.Build.0 = Release|Any CPU
		{EAB0FBE7-5645-4FE0-9B6F-E0D957EF316D}.Debug|Any CPU.ActiveCfg = Debug|Any CPU
		{EAB0FBE7-5645-4FE0-9B6F-E0D957EF316D}.Debug|Any CPU.Build.0 = Debug|Any CPU
		{EAB0FBE7-5645-4FE0-9B6F-E0D957EF316D}.Release|Any CPU.ActiveCfg = Release|Any CPU
		{EAB0FBE7-5645-4FE0-9B6F-E0D957EF316D}.Release|Any CPU.Build.0 = Release|Any CPU
		{D7F19AA3-323B-4FE2-9AD0-D0A5E5CC073A}.Debug|Any CPU.ActiveCfg = Debug|Any CPU
		{D7F19AA3-323B-4FE2-9AD0-D0A5E5CC073A}.Debug|Any CPU.Build.0 = Debug|Any CPU
		{D7F19AA3-323B-4FE2-9AD0-D0A5E5CC073A}.Release|Any CPU.ActiveCfg = Release|Any CPU
		{D7F19AA3-323B-4FE2-9AD0-D0A5E5CC073A}.Release|Any CPU.Build.0 = Release|Any CPU
	EndGlobalSection
	GlobalSection(SolutionProperties) = preSolution
		HideSolutionNode = FALSE
	EndGlobalSection
	GlobalSection(NestedProjects) = preSolution
		{AD7A278E-15C5-4D3D-BF91-7514FE76265F} = {A25D8C5D-DB8B-4E36-9A17-0A2186A459BE}
		{0D47A437-AC0C-432E-829A-0DBF5A3495CE} = {A25D8C5D-DB8B-4E36-9A17-0A2186A459BE}
		{3D37384F-989F-4A9F-855A-9F7FCA3E1E94} = {A25D8C5D-DB8B-4E36-9A17-0A2186A459BE}
		{367EC3D4-4093-437B-952C-9F43DF3B8035} = {A25D8C5D-DB8B-4E36-9A17-0A2186A459BE}
		{028A14A0-61F6-44E5-95BA-E4E36969A258} = {AD7A278E-15C5-4D3D-BF91-7514FE76265F}
		{D407EE3E-D151-4D86-B2D9-DEEEFA705280} = {0D47A437-AC0C-432E-829A-0DBF5A3495CE}
		{69D2CE0A-1EF1-4511-BBE4-02E94590249A} = {0D47A437-AC0C-432E-829A-0DBF5A3495CE}
		{2B448545-528B-4614-BBD2-5FC531FE7E73} = {0D47A437-AC0C-432E-829A-0DBF5A3495CE}
		{7CA9BC78-1621-47D8-BBA6-5A09DD7629CD} = {0D47A437-AC0C-432E-829A-0DBF5A3495CE}
		{8C199D7D-AD90-4008-A1BB-AED2E2810967} = {0D47A437-AC0C-432E-829A-0DBF5A3495CE}
		{9F4C157F-A82A-4568-A8BD-75FDBB5B8D24} = {3D37384F-989F-4A9F-855A-9F7FCA3E1E94}
		{F365B084-7B07-4E2C-8B69-5D541E48107B} = {3D37384F-989F-4A9F-855A-9F7FCA3E1E94}
		{6E382122-9E9B-4808-8F50-860CB3295B72} = {3D37384F-989F-4A9F-855A-9F7FCA3E1E94}
		{A435498B-F63F-4676-8BE4-F92DDE88446E} = {3D37384F-989F-4A9F-855A-9F7FCA3E1E94}
		{9B049D39-1FDE-4523-9406-701D7DD9C723} = {3D37384F-989F-4A9F-855A-9F7FCA3E1E94}
		{4E0E5664-2754-4C54-9EF5-D7A10DCF37AB} = {367EC3D4-4093-437B-952C-9F43DF3B8035}
		{B0643E3D-35B3-4E85-A3E2-7DEE92B7BCFD} = {6E382122-9E9B-4808-8F50-860CB3295B72}
		{DC5F8D1A-F5F8-4B87-9437-EA3941A222F3} = {A435498B-F63F-4676-8BE4-F92DDE88446E}
		{CDFA3465-5179-48C0-B351-F775D28EB20E} = {9F4C157F-A82A-4568-A8BD-75FDBB5B8D24}
		{A9875C5A-8403-4D5D-AE46-3AFB615FE9F5} = {9F4C157F-A82A-4568-A8BD-75FDBB5B8D24}
		{B7CC0DCA-36F7-4BFF-9DAC-AE91F63A6EAC} = {9F4C157F-A82A-4568-A8BD-75FDBB5B8D24}
		{18E8CCD2-FB38-4496-BE37-F4B7C8DB7BBC} = {9F4C157F-A82A-4568-A8BD-75FDBB5B8D24}
		{EAB0FBE7-5645-4FE0-9B6F-E0D957EF316D} = {9B049D39-1FDE-4523-9406-701D7DD9C723}
		{D7F19AA3-323B-4FE2-9AD0-D0A5E5CC073A} = {F365B084-7B07-4E2C-8B69-5D541E48107B}
	EndGlobalSection
	GlobalSection(ExtensibilityGlobals) = postSolution
		SolutionGuid = {2B6631CC-48C9-4F30-8A83-668F7D1D24AC}
	EndGlobalSection
EndGlobal
